
Microsoft Visual Studio Solution File, Format Version 12.00
# Visual Studio Version 17
VisualStudioVersion = 17.11.35327.3
MinimumVisualStudioVersion = 10.0.40219.1
Project("{FAE04EC0-301F-11D3-BF4B-00C04F79EFBC}") = "Finance", "Finance\Finance.csproj", "{D04A7FAD-9166-4F86-AB3A-36C37A7F48B4}"
EndProject
Global
	GlobalSection(SolutionConfigurationPlatforms) = preSolution
		Debug|Any CPU = Debug|Any CPU
		Release|Any CPU = Release|Any CPU
	EndGlobalSection
	GlobalSection(ProjectConfigurationPlatforms) = postSolution
		{D04A7FAD-9166-4F86-AB3A-36C37A7F48B4}.Debug|Any CPU.ActiveCfg = Debug|Any CPU
		{D04A7FAD-9166-4F86-AB3A-36C37A7F48B4}.Debug|Any CPU.Build.0 = Debug|Any CPU
		{D04A7FAD-9166-4F86-AB3A-36C37A7F48B4}.Release|Any CPU.ActiveCfg = Release|Any CPU
		{D04A7FAD-9166-4F86-AB3A-36C37A7F48B4}.Release|Any CPU.Build.0 = Release|Any CPU
	EndGlobalSection
	GlobalSection(SolutionProperties) = preSolution
		HideSolutionNode = FALSE
	EndGlobalSection
	GlobalSection(ExtensibilityGlobals) = postSolution
		SolutionGuid = {B9403A8C-FDAE-482C-8F08-B9A9B2E2BF63}
	EndGlobalSection
EndGlobal
